
Microsoft Visual Studio Solution File, Format Version 12.00
# Visual Studio Version 17
VisualStudioVersion = 17.11.35312.102
MinimumVisualStudioVersion = 10.0.40219.1
Project("{FAE04EC0-301F-11D3-BF4B-00C04F79EFBC}") = "ExtensionMethodProject", "ExtensionMethodProject\ExtensionMethodProject.csproj", "{FDC9FC5B-BED4-433E-BCCC-BB9E879C8173}"
EndProject
Global
	GlobalSection(SolutionConfigurationPlatforms) = preSolution
		Debug|Any CPU = Debug|Any CPU
		Release|Any CPU = Release|Any CPU
	EndGlobalSection
	GlobalSection(ProjectConfigurationPlatforms) = postSolution
		{FDC9FC5B-BED4-433E-BCCC-BB9E879C8173}.Debug|Any CPU.ActiveCfg = Debug|Any CPU
		{FDC9FC5B-BED4-433E-BCCC-BB9E879C8173}.Debug|Any CPU.Build.0 = Debug|Any CPU
		{FDC9FC5B-BED4-433E-BCCC-BB9E879C8173}.Release|Any CPU.ActiveCfg = Release|Any CPU
		{FDC9FC5B-BED4-433E-BCCC-BB9E879C8173}.Release|Any CPU.Build.0 = Release|Any CPU
	EndGlobalSection
	GlobalSection(SolutionProperties) = preSolution
		HideSolutionNode = FALSE
	EndGlobalSection
	GlobalSection(ExtensibilityGlobals) = postSolution
		SolutionGuid = {1196EAFF-20FA-4895-BA30-BA358A2EADFB}
	EndGlobalSection
EndGlobal
